
Microsoft Visual Studio Solution File, Format Version 12.00
# Visual Studio Version 17
VisualStudioVersion = 17.7.34024.191
MinimumVisualStudioVersion = 10.0.40219.1
Project("{FAE04EC0-301F-11D3-BF4B-00C04F79EFBC}") = "webApi", "webApi\webApi.csproj", "{0143EABF-7393-450A-B748-4E1EA7B86461}"
EndProject
Global
	GlobalSection(SolutionConfigurationPlatforms) = preSolution
		Debug|Any CPU = Debug|Any CPU
		Release|Any CPU = Release|Any CPU
	EndGlobalSection
	GlobalSection(ProjectConfigurationPlatforms) = postSolution
		{0143EABF-7393-450A-B748-4E1EA7B86461}.Debug|Any CPU.ActiveCfg = Debug|Any CPU
		{0143EABF-7393-450A-B748-4E1EA7B86461}.Debug|Any CPU.Build.0 = Debug|Any CPU
		{0143EABF-7393-450A-B748-4E1EA7B86461}.Release|Any CPU.ActiveCfg = Release|Any CPU
		{0143EABF-7393-450A-B748-4E1EA7B86461}.Release|Any CPU.Build.0 = Release|Any CPU
	EndGlobalSection
	GlobalSection(SolutionProperties) = preSolution
		HideSolutionNode = FALSE
	EndGlobalSection
	GlobalSection(ExtensibilityGlobals) = postSolution
		SolutionGuid = {4A7A0C49-4E82-49C7-98C1-81BA74E784B5}
	EndGlobalSection
EndGlobal
